
Microsoft Visual Studio Solution File, Format Version 12.00
# Visual Studio Version 17
VisualStudioVersion = 17.0.31903.59
MinimumVisualStudioVersion = 10.0.40219.1
Project("{FAE04EC0-301F-11D3-BF4B-00C04F79EFBC}") = "WiseShell.App", "WiseShell.App\WiseShell.App.csproj", "{7551FA4F-2C5C-48F5-9DDC-157B6FBBD408}"
EndProject
Project("{FAE04EC0-301F-11D3-BF4B-00C04F79EFBC}") = "WiseShell.Core", "WiseShell.Core\WiseShell.Core.csproj", "{FDA7B99D-6747-4EEF-A4FB-5802AEC838EF}"
EndProject
Project("{FAE04EC0-301F-11D3-BF4B-00C04F79EFBC}") = "WiseShell.Transport.SshNet", "WiseShell.Transport.SshNet\WiseShell.Transport.SshNet.csproj", "{5DF51B19-DFE1-4E4D-9FBE-7C12BB9F6E36}"
EndProject
Project("{FAE04EC0-301F-11D3-BF4B-00C04F79EFBC}") = "WiseShell.Tests", "WiseShell.Tests\WiseShell.Tests.csproj", "{2FA2A800-E3D7-48E7-8693-A5F58003BD1A}"
EndProject
Global
	GlobalSection(SolutionConfigurationPlatforms) = preSolution
		Debug|Any CPU = Debug|Any CPU
		Debug|x64 = Debug|x64
		Debug|x86 = Debug|x86
		Release|Any CPU = Release|Any CPU
		Release|x64 = Release|x64
		Release|x86 = Release|x86
	EndGlobalSection
	GlobalSection(ProjectConfigurationPlatforms) = postSolution
		{7551FA4F-2C5C-48F5-9DDC-157B6FBBD408}.Debug|Any CPU.ActiveCfg = Debug|Any CPU
		{7551FA4F-2C5C-48F5-9DDC-157B6FBBD408}.Debug|Any CPU.Build.0 = Debug|Any CPU
		{7551FA4F-2C5C-48F5-9DDC-157B6FBBD408}.Debug|x64.ActiveCfg = Debug|Any CPU
		{7551FA4F-2C5C-48F5-9DDC-157B6FBBD408}.Debug|x64.Build.0 = Debug|Any CPU
		{7551FA4F-2C5C-48F5-9DDC-157B6FBBD408}.Debug|x86.ActiveCfg = Debug|Any CPU
		{7551FA4F-2C5C-48F5-9DDC-157B6FBBD408}.Debug|x86.Build.0 = Debug|Any CPU
		{7551FA4F-2C5C-48F5-9DDC-157B6FBBD408}.Release|Any CPU.ActiveCfg = Release|Any CPU
		{7551FA4F-2C5C-48F5-9DDC-157B6FBBD408}.Release|Any CPU.Build.0 = Release|Any CPU
		{7551FA4F-2C5C-48F5-9DDC-157B6FBBD408}.Release|x64.ActiveCfg = Release|Any CPU
		{7551FA4F-2C5C-48F5-9DDC-157B6FBBD408}.Release|x64.Build.0 = Release|Any CPU
		{7551FA4F-2C5C-48F5-9DDC-157B6FBBD408}.Release|x86.ActiveCfg = Release|Any CPU
		{7551FA4F-2C5C-48F5-9DDC-157B6FBBD408}.Release|x86.Build.0 = Release|Any CPU
		{FDA7B99D-6747-4EEF-A4FB-5802AEC838EF}.Debug|Any CPU.ActiveCfg = Debug|Any CPU
		{FDA7B99D-6747-4EEF-A4FB-5802AEC838EF}.Debug|Any CPU.Build.0 = Debug|Any CPU
		{FDA7B99D-6747-4EEF-A4FB-5802AEC838EF}.Debug|x64.ActiveCfg = Debug|Any CPU
		{FDA7B99D-6747-4EEF-A4FB-5802AEC838EF}.Debug|x64.Build.0 = Debug|Any CPU
		{FDA7B99D-6747-4EEF-A4FB-5802AEC838EF}.Debug|x86.ActiveCfg = Debug|Any CPU
		{FDA7B99D-6747-4EEF-A4FB-5802AEC838EF}.Debug|x86.Build.0 = Debug|Any CPU
		{FDA7B99D-6747-4EEF-A4FB-5802AEC838EF}.Release|Any CPU.ActiveCfg = Release|Any CPU
		{FDA7B99D-6747-4EEF-A4FB-5802AEC838EF}.Release|Any CPU.Build.0 = Release|Any CPU
		{FDA7B99D-6747-4EEF-A4FB-5802AEC838EF}.Release|x64.ActiveCfg = Release|Any CPU
		{FDA7B99D-6747-4EEF-A4FB-5802AEC838EF}.Release|x64.Build.0 = Release|Any CPU
		{FDA7B99D-6747-4EEF-A4FB-5802AEC838EF}.Release|x86.ActiveCfg = Release|Any CPU
		{FDA7B99D-6747-4EEF-A4FB-5802AEC838EF}.Release|x86.Build.0 = Release|Any CPU
		{5DF51B19-DFE1-4E4D-9FBE-7C12BB9F6E36}.Debug|Any CPU.ActiveCfg = Debug|Any CPU
		{5DF51B19-DFE1-4E4D-9FBE-7C12BB9F6E36}.Debug|Any CPU.Build.0 = Debug|Any CPU
		{5DF51B19-DFE1-4E4D-9FBE-7C12BB9F6E36}.Debug|x64.ActiveCfg = Debug|Any CPU
		{5DF51B19-DFE1-4E4D-9FBE-7C12BB9F6E36}.Debug|x64.Build.0 = Debug|Any CPU
		{5DF51B19-DFE1-4E4D-9FBE-7C12BB9F6E36}.Debug|x86.ActiveCfg = Debug|Any CPU
		{5DF51B19-DFE1-4E4D-9FBE-7C12BB9F6E36}.Debug|x86.Build.0 = Debug|Any CPU
		{5DF51B19-DFE1-4E4D-9FBE-7C12BB9F6E36}.Release|Any CPU.ActiveCfg = Release|Any CPU
		{5DF51B19-DFE1-4E4D-9FBE-7C12BB9F6E36}.Release|Any CPU.Build.0 = Release|Any CPU
		{5DF51B19-DFE1-4E4D-9FBE-7C12BB9F6E36}.Release|x64.ActiveCfg = Release|Any CPU
		{5DF51B19-DFE1-4E4D-9FBE-7C12BB9F6E36}.Release|x64.Build.0 = Release|Any CPU
		{5DF51B19-DFE1-4E4D-9FBE-7C12BB9F6E36}.Release|x86.ActiveCfg = Release|Any CPU
		{5DF51B19-DFE1-4E4D-9FBE-7C12BB9F6E36}.Release|x86.Build.0 = Release|Any CPU
		{2FA2A800-E3D7-48E7-8693-A5F58003BD1A}.Debug|Any CPU.ActiveCfg = Debug|Any CPU
		{2FA2A800-E3D7-48E7-8693-A5F58003BD1A}.Debug|Any CPU.Build.0 = Debug|Any CPU
		{2FA2A800-E3D7-48E7-8693-A5F58003BD1A}.Debug|x64.ActiveCfg = Debug|Any CPU
		{2FA2A800-E3D7-48E7-8693-A5F58003BD1A}.Debug|x64.Build.0 = Debug|Any CPU
		{2FA2A800-E3D7-48E7-8693-A5F58003BD1A}.Debug|x86.ActiveCfg = Debug|Any CPU
		{2FA2A800-E3D7-48E7-8693-A5F58003BD1A}.Debug|x86.Build.0 = Debug|Any CPU
		{2FA2A800-E3D7-48E7-8693-A5F58003BD1A}.Release|Any CPU.ActiveCfg = Release|Any CPU
		{2FA2A800-E3D7-48E7-8693-A5F58003BD1A}.Release|Any CPU.Build.0 = Release|Any CPU
		{2FA2A800-E3D7-48E7-8693-A5F58003BD1A}.Release|x64.ActiveCfg = Release|Any CPU
		{2FA2A800-E3D7-48E7-8693-A5F58003BD1A}.Release|x64.Build.0 = Release|Any CPU
		{2FA2A800-E3D7-48E7-8693-A5F58003BD1A}.Release|x86.ActiveCfg = Release|Any CPU
		{2FA2A800-E3D7-48E7-8693-A5F58003BD1A}.Release|x86.Build.0 = Release|Any CPU
	EndGlobalSection
	GlobalSection(SolutionProperties) = preSolution
		HideSolutionNode = FALSE
	EndGlobalSection
EndGlobal
